<?xml version="1.0" encoding="UTF-8" standalone="yes" ?>
<CodeBlocks_project_file>
	<FileVersion major="1" minor="6" />
	<Project>
		<Option title="SnowFlake-v0" />
		<Option pch_mode="2" />
		<Option compiler="gcc" />
		<Build>
			<Target title="Debug">
				<Option output="bin/Debug/Snowflake" prefix_auto="1" extension_auto="1" />
				<Option object_output="obj/Debug/" />
				<Option type="1" />
				<Option compiler="gcc" />
				<Compiler>
					<Add option="-g" />
				</Compiler>
				<Linker>
					<Add library="octetos-core-3" />
					<Add directory="../core/bin/Debug" />
				</Linker>
			</Target>
			<Target title="Release">
				<Option output="bin/Release/Snowflake" prefix_auto="1" extension_auto="1" />
				<Option object_output="obj/Release/" />
				<Option type="1" />
				<Option compiler="gcc" />
				<Compiler>
					<Add option="-O2" />
				</Compiler>
				<Linker>
					<Add option="-s" />
				</Linker>
			</Target>
			<Target title="snowflake-TDD-dbg">
				<Option output="bin/Debug/snowflake-TDD-dbg" prefix_auto="1" extension_auto="1" />
				<Option object_output="obj/Debug/" />
				<Option type="1" />
				<Option compiler="gcc" />
				<Compiler>
					<Add option="-g" />
					<Add option="`pkg-config libcurl --cflags`" />
					<Add option="-DOCTETOS_SNOWFLAKE_V0_TDD" />
				</Compiler>
				<Linker>
					<Add option="`pkg-config libcurl --libs`" />
					<Add library="cunit" />
					<Add library="octetos-core-3" />
					<Add directory="../core/bin/Debug" />
				</Linker>
			</Target>
		</Build>
		<Compiler>
			<Add option="-pedantic" />
			<Add option="-Wall" />
			<Add option="`pkg-config libmicrohttpd --cflags` `pkg-config libmariadb --cflags` --std=c++23" />
		</Compiler>
		<Linker>
			<Add option="`pkg-config libmicrohttpd --libs` `pkg-config libmariadb --libs`" />
		</Linker>
		<Unit filename="0/server-Resource.cc">
			<Option target="snowflake-TDD-dbg" />
		</Unit>
		<Unit filename="0/server-Server.cc">
			<Option target="snowflake-TDD-dbg" />
		</Unit>
		<Unit filename="0/server-mysql.cc">
			<Option target="snowflake-TDD-dbg" />
		</Unit>
		<Unit filename="0/server-pages.cc">
			<Option target="snowflake-TDD-dbg" />
		</Unit>
		<Unit filename="0/server-security.cc">
			<Option target="snowflake-TDD-dbg" />
		</Unit>
		<Unit filename="0/server-utils.cc">
			<Option target="snowflake-TDD-dbg" />
		</Unit>
		<Unit filename="0/server.hh">
			<Option target="snowflake-TDD-dbg" />
		</Unit>
		<Unit filename="tests/main.cc">
			<Option target="snowflake-TDD-dbg" />
		</Unit>
		<Unit filename="tests/v0.cc">
			<Option target="snowflake-TDD-dbg" />
		</Unit>
		<Unit filename="tests/v0.hh">
			<Option target="snowflake-TDD-dbg" />
		</Unit>
		<Extensions />
	</Project>
</CodeBlocks_project_file>
